
Microsoft Visual Studio Solution File, Format Version 12.00
# Visual Studio Version 17
Project("{8BC9CEB8-8B4A-11D0-8D11-00A0C91BC942}") = "ALL_BUILD", "ALL_BUILD.vcxproj", "{0D5C714E-7449-35CA-BBEC-B7E74CD4376E}"
	ProjectSection(ProjectDependencies) = postProject
		{A376C333-D76E-360A-AC37-62E0B703B2C3} = {A376C333-D76E-360A-AC37-62E0B703B2C3}
		{2A52383C-5A57-300B-B76E-5F31BA9F6940} = {2A52383C-5A57-300B-B76E-5F31BA9F6940}
		{D70AA5F9-5541-3AE8-B2C3-AA9F2699EEC8} = {D70AA5F9-5541-3AE8-B2C3-AA9F2699EEC8}
		{17B75CB3-3C37-3548-8CA0-ABE7457BBE40} = {17B75CB3-3C37-3548-8CA0-ABE7457BBE40}
		{0779FC43-7524-3D40-91EE-9553D999FBB2} = {0779FC43-7524-3D40-91EE-9553D999FBB2}
	EndProjectSection
EndProject
Project("{8BC9CEB8-8B4A-11D0-8D11-00A0C91BC942}") = "INSTALL", "INSTALL.vcxproj", "{5F6AD2D4-4333-3FAB-933F-EEACBEDD71B4}"
	ProjectSection(ProjectDependencies) = postProject
		{0D5C714E-7449-35CA-BBEC-B7E74CD4376E} = {0D5C714E-7449-35CA-BBEC-B7E74CD4376E}
		{A376C333-D76E-360A-AC37-62E0B703B2C3} = {A376C333-D76E-360A-AC37-62E0B703B2C3}
	EndProjectSection
EndProject
Project("{8BC9CEB8-8B4A-11D0-8D11-00A0C91BC942}") = "ZERO_CHECK", "ZERO_CHECK.vcxproj", "{A376C333-D76E-360A-AC37-62E0B703B2C3}"
	ProjectSection(ProjectDependencies) = postProject
	EndProjectSection
EndProject
Project("{8BC9CEB8-8B4A-11D0-8D11-00A0C91BC942}") = "glew", "glew.vcxproj", "{2A52383C-5A57-300B-B76E-5F31BA9F6940}"
	ProjectSection(ProjectDependencies) = postProject
		{A376C333-D76E-360A-AC37-62E0B703B2C3} = {A376C333-D76E-360A-AC37-62E0B703B2C3}
	EndProjectSection
EndProject
Project("{8BC9CEB8-8B4A-11D0-8D11-00A0C91BC942}") = "glew_s", "glew_s.vcxproj", "{D70AA5F9-5541-3AE8-B2C3-AA9F2699EEC8}"
	ProjectSection(ProjectDependencies) = postProject
		{A376C333-D76E-360A-AC37-62E0B703B2C3} = {A376C333-D76E-360A-AC37-62E0B703B2C3}
	EndProjectSection
EndProject
Project("{8BC9CEB8-8B4A-11D0-8D11-00A0C91BC942}") = "glewinfo", "glewinfo.vcxproj", "{17B75CB3-3C37-3548-8CA0-ABE7457BBE40}"
	ProjectSection(ProjectDependencies) = postProject
		{A376C333-D76E-360A-AC37-62E0B703B2C3} = {A376C333-D76E-360A-AC37-62E0B703B2C3}
		{2A52383C-5A57-300B-B76E-5F31BA9F6940} = {2A52383C-5A57-300B-B76E-5F31BA9F6940}
	EndProjectSection
EndProject
Project("{8BC9CEB8-8B4A-11D0-8D11-00A0C91BC942}") = "uninstall", "uninstall.vcxproj", "{BEA95DDB-4FBE-3DBF-9B51-FC9AC415D446}"
	ProjectSection(ProjectDependencies) = postProject
		{A376C333-D76E-360A-AC37-62E0B703B2C3} = {A376C333-D76E-360A-AC37-62E0B703B2C3}
	EndProjectSection
EndProject
Project("{8BC9CEB8-8B4A-11D0-8D11-00A0C91BC942}") = "visualinfo", "visualinfo.vcxproj", "{0779FC43-7524-3D40-91EE-9553D999FBB2}"
	ProjectSection(ProjectDependencies) = postProject
		{A376C333-D76E-360A-AC37-62E0B703B2C3} = {A376C333-D76E-360A-AC37-62E0B703B2C3}
		{2A52383C-5A57-300B-B76E-5F31BA9F6940} = {2A52383C-5A57-300B-B76E-5F31BA9F6940}
	EndProjectSection
EndProject
Global
	GlobalSection(SolutionConfigurationPlatforms) = preSolution
		Debug|x64 = Debug|x64
		Release|x64 = Release|x64
		MinSizeRel|x64 = MinSizeRel|x64
		RelWithDebInfo|x64 = RelWithDebInfo|x64
	EndGlobalSection
	GlobalSection(ProjectConfigurationPlatforms) = postSolution
		{0D5C714E-7449-35CA-BBEC-B7E74CD4376E}.Debug|x64.ActiveCfg = Debug|x64
		{0D5C714E-7449-35CA-BBEC-B7E74CD4376E}.Debug|x64.Build.0 = Debug|x64
		{0D5C714E-7449-35CA-BBEC-B7E74CD4376E}.Release|x64.ActiveCfg = Release|x64
		{0D5C714E-7449-35CA-BBEC-B7E74CD4376E}.Release|x64.Build.0 = Release|x64
		{0D5C714E-7449-35CA-BBEC-B7E74CD4376E}.MinSizeRel|x64.ActiveCfg = MinSizeRel|x64
		{0D5C714E-7449-35CA-BBEC-B7E74CD4376E}.MinSizeRel|x64.Build.0 = MinSizeRel|x64
		{0D5C714E-7449-35CA-BBEC-B7E74CD4376E}.RelWithDebInfo|x64.ActiveCfg = RelWithDebInfo|x64
		{0D5C714E-7449-35CA-BBEC-B7E74CD4376E}.RelWithDebInfo|x64.Build.0 = RelWithDebInfo|x64
		{5F6AD2D4-4333-3FAB-933F-EEACBEDD71B4}.Debug|x64.ActiveCfg = Debug|x64
		{5F6AD2D4-4333-3FAB-933F-EEACBEDD71B4}.Release|x64.ActiveCfg = Release|x64
		{5F6AD2D4-4333-3FAB-933F-EEACBEDD71B4}.MinSizeRel|x64.ActiveCfg = MinSizeRel|x64
		{5F6AD2D4-4333-3FAB-933F-EEACBEDD71B4}.RelWithDebInfo|x64.ActiveCfg = RelWithDebInfo|x64
		{A376C333-D76E-360A-AC37-62E0B703B2C3}.Debug|x64.ActiveCfg = Debug|x64
		{A376C333-D76E-360A-AC37-62E0B703B2C3}.Debug|x64.Build.0 = Debug|x64
		{A376C333-D76E-360A-AC37-62E0B703B2C3}.Release|x64.ActiveCfg = Release|x64
		{A376C333-D76E-360A-AC37-62E0B703B2C3}.Release|x64.Build.0 = Release|x64
		{A376C333-D76E-360A-AC37-62E0B703B2C3}.MinSizeRel|x64.ActiveCfg = MinSizeRel|x64
		{A376C333-D76E-360A-AC37-62E0B703B2C3}.MinSizeRel|x64.Build.0 = MinSizeRel|x64
		{A376C333-D76E-360A-AC37-62E0B703B2C3}.RelWithDebInfo|x64.ActiveCfg = RelWithDebInfo|x64
		{A376C333-D76E-360A-AC37-62E0B703B2C3}.RelWithDebInfo|x64.Build.0 = RelWithDebInfo|x64
		{2A52383C-5A57-300B-B76E-5F31BA9F6940}.Debug|x64.ActiveCfg = Debug|x64
		{2A52383C-5A57-300B-B76E-5F31BA9F6940}.Debug|x64.Build.0 = Debug|x64
		{2A52383C-5A57-300B-B76E-5F31BA9F6940}.Release|x64.ActiveCfg = Release|x64
		{2A52383C-5A57-300B-B76E-5F31BA9F6940}.Release|x64.Build.0 = Release|x64
		{2A52383C-5A57-300B-B76E-5F31BA9F6940}.MinSizeRel|x64.ActiveCfg = MinSizeRel|x64
		{2A52383C-5A57-300B-B76E-5F31BA9F6940}.MinSizeRel|x64.Build.0 = MinSizeRel|x64
		{2A52383C-5A57-300B-B76E-5F31BA9F6940}.RelWithDebInfo|x64.ActiveCfg = RelWithDebInfo|x64
		{2A52383C-5A57-300B-B76E-5F31BA9F6940}.RelWithDebInfo|x64.Build.0 = RelWithDebInfo|x64
		{D70AA5F9-5541-3AE8-B2C3-AA9F2699EEC8}.Debug|x64.ActiveCfg = Debug|x64
		{D70AA5F9-5541-3AE8-B2C3-AA9F2699EEC8}.Debug|x64.Build.0 = Debug|x64
		{D70AA5F9-5541-3AE8-B2C3-AA9F2699EEC8}.Release|x64.ActiveCfg = Release|x64
		{D70AA5F9-5541-3AE8-B2C3-AA9F2699EEC8}.Release|x64.Build.0 = Release|x64
		{D70AA5F9-5541-3AE8-B2C3-AA9F2699EEC8}.MinSizeRel|x64.ActiveCfg = MinSizeRel|x64
		{D70AA5F9-5541-3AE8-B2C3-AA9F2699EEC8}.MinSizeRel|x64.Build.0 = MinSizeRel|x64
		{D70AA5F9-5541-3AE8-B2C3-AA9F2699EEC8}.RelWithDebInfo|x64.ActiveCfg = RelWithDebInfo|x64
		{D70AA5F9-5541-3AE8-B2C3-AA9F2699EEC8}.RelWithDebInfo|x64.Build.0 = RelWithDebInfo|x64
		{17B75CB3-3C37-3548-8CA0-ABE7457BBE40}.Debug|x64.ActiveCfg = Debug|x64
		{17B75CB3-3C37-3548-8CA0-ABE7457BBE40}.Debug|x64.Build.0 = Debug|x64
		{17B75CB3-3C37-3548-8CA0-ABE7457BBE40}.Release|x64.ActiveCfg = Release|x64
		{17B75CB3-3C37-3548-8CA0-ABE7457BBE40}.Release|x64.Build.0 = Release|x64
		{17B75CB3-3C37-3548-8CA0-ABE7457BBE40}.MinSizeRel|x64.ActiveCfg = MinSizeRel|x64
		{17B75CB3-3C37-3548-8CA0-ABE7457BBE40}.MinSizeRel|x64.Build.0 = MinSizeRel|x64
		{17B75CB3-3C37-3548-8CA0-ABE7457BBE40}.RelWithDebInfo|x64.ActiveCfg = RelWithDebInfo|x64
		{17B75CB3-3C37-3548-8CA0-ABE7457BBE40}.RelWithDebInfo|x64.Build.0 = RelWithDebInfo|x64
		{BEA95DDB-4FBE-3DBF-9B51-FC9AC415D446}.Debug|x64.ActiveCfg = Debug|x64
		{BEA95DDB-4FBE-3DBF-9B51-FC9AC415D446}.Release|x64.ActiveCfg = Release|x64
		{BEA95DDB-4FBE-3DBF-9B51-FC9AC415D446}.MinSizeRel|x64.ActiveCfg = MinSizeRel|x64
		{BEA95DDB-4FBE-3DBF-9B51-FC9AC415D446}.RelWithDebInfo|x64.ActiveCfg = RelWithDebInfo|x64
		{0779FC43-7524-3D40-91EE-9553D999FBB2}.Debug|x64.ActiveCfg = Debug|x64
		{0779FC43-7524-3D40-91EE-9553D999FBB2}.Debug|x64.Build.0 = Debug|x64
		{0779FC43-7524-3D40-91EE-9553D999FBB2}.Release|x64.ActiveCfg = Release|x64
		{0779FC43-7524-3D40-91EE-9553D999FBB2}.Release|x64.Build.0 = Release|x64
		{0779FC43-7524-3D40-91EE-9553D999FBB2}.MinSizeRel|x64.ActiveCfg = MinSizeRel|x64
		{0779FC43-7524-3D40-91EE-9553D999FBB2}.MinSizeRel|x64.Build.0 = MinSizeRel|x64
		{0779FC43-7524-3D40-91EE-9553D999FBB2}.RelWithDebInfo|x64.ActiveCfg = RelWithDebInfo|x64
		{0779FC43-7524-3D40-91EE-9553D999FBB2}.RelWithDebInfo|x64.Build.0 = RelWithDebInfo|x64
	EndGlobalSection
	GlobalSection(ExtensibilityGlobals) = postSolution
		SolutionGuid = {7A3637DA-71F3-3F29-B94F-3044FAD5BAEE}
	EndGlobalSection
	GlobalSection(ExtensibilityAddIns) = postSolution
	EndGlobalSection
EndGlobal
